
Microsoft Visual Studio Solution File, Format Version 12.00
# Visual Studio Version 17
VisualStudioVersion = 17.0.31903.59
MinimumVisualStudioVersion = 10.0.40219.1
Project("{FAE04EC0-301F-11D3-BF4B-00C04F79EFBC}") = "FlightStatus.Api", "FlightStatus.Api\FlightStatus.Api.csproj", "{BB8EA7C7-8517-4E54-8708-DD34085F4662}"
EndProject
Project("{FAE04EC0-301F-11D3-BF4B-00C04F79EFBC}") = "FlightStatus.Tests", "FlightStatus.Tests\FlightStatus.Tests.csproj", "{8755D66E-956C-4312-AF0E-971466B95F75}"
EndProject
Global
	GlobalSection(SolutionConfigurationPlatforms) = preSolution
		Debug|Any CPU = Debug|Any CPU
		Release|Any CPU = Release|Any CPU
	EndGlobalSection
	GlobalSection(SolutionProperties) = preSolution
		HideSolutionNode = FALSE
	EndGlobalSection
	GlobalSection(ProjectConfigurationPlatforms) = postSolution
		{BB8EA7C7-8517-4E54-8708-DD34085F4662}.Debug|Any CPU.ActiveCfg = Debug|Any CPU
		{BB8EA7C7-8517-4E54-8708-DD34085F4662}.Debug|Any CPU.Build.0 = Debug|Any CPU
		{BB8EA7C7-8517-4E54-8708-DD34085F4662}.Release|Any CPU.ActiveCfg = Release|Any CPU
		{BB8EA7C7-8517-4E54-8708-DD34085F4662}.Release|Any CPU.Build.0 = Release|Any CPU
		{8755D66E-956C-4312-AF0E-971466B95F75}.Debug|Any CPU.ActiveCfg = Debug|Any CPU
		{8755D66E-956C-4312-AF0E-971466B95F75}.Debug|Any CPU.Build.0 = Debug|Any CPU
		{8755D66E-956C-4312-AF0E-971466B95F75}.Release|Any CPU.ActiveCfg = Release|Any CPU
		{8755D66E-956C-4312-AF0E-971466B95F75}.Release|Any CPU.Build.0 = Release|Any CPU
	EndGlobalSection
EndGlobal
